
Microsoft Visual Studio Solution File, Format Version 12.00
# Visual Studio Version 17
VisualStudioVersion = 17.11.35222.181
MinimumVisualStudioVersion = 10.0.40219.1
Project("{FAE04EC0-301F-11D3-BF4B-00C04F79EFBC}") = "Lab-4", "Lab-4.csproj", "{58227CC7-2BDC-4B4C-9509-B13E010E36BA}"
EndProject
Global
	GlobalSection(SolutionConfigurationPlatforms) = preSolution
		Debug|Any CPU = Debug|Any CPU
		Release|Any CPU = Release|Any CPU
	EndGlobalSection
	GlobalSection(ProjectConfigurationPlatforms) = postSolution
		{58227CC7-2BDC-4B4C-9509-B13E010E36BA}.Debug|Any CPU.ActiveCfg = Debug|Any CPU
		{58227CC7-2BDC-4B4C-9509-B13E010E36BA}.Debug|Any CPU.Build.0 = Debug|Any CPU
		{58227CC7-2BDC-4B4C-9509-B13E010E36BA}.Release|Any CPU.ActiveCfg = Release|Any CPU
		{58227CC7-2BDC-4B4C-9509-B13E010E36BA}.Release|Any CPU.Build.0 = Release|Any CPU
	EndGlobalSection
	GlobalSection(SolutionProperties) = preSolution
		HideSolutionNode = FALSE
	EndGlobalSection
	GlobalSection(ExtensibilityGlobals) = postSolution
		SolutionGuid = {3913AB47-3DDF-4FB7-AFD1-36D453FBB0BF}
	EndGlobalSection
EndGlobal
